hash: 74a8fca679ed86ccc4a42a35d772bdf0f918993c198a90ea0dbbae9e4d43a146
updated: 2016-03-27T17:25:48.459693003-04:00
imports:
- name: github.com/astaxie/beego
  version: 92d0b9ae95662d04e1d32eeffa52b4697b01ae37
  subpackages:
  - context
  - plugins/cors
  - toolbox
  - config
  - grace
  - logs
  - session
  - utils
- name: github.com/boltdb/bolt
  version: c2745b3c62985affcf08d0522135f4747e9b81f3
- name: github.com/BurntSushi/toml
  version: 056c9bc7be7190eaa7715723883caffa5f8fa3e4
- name: github.com/cupcake/rdb
  version: 3454dcabd33cb8ea8261ffd6a45f4d836eb504cc
  subpackages:
  - nopdecoder
  - crc64
- name: github.com/deluan/gomate
  version: 3eb40643dd6ff9d53cfac334a9ec75e5045ae593
  subpackages:
  - ledis
- name: github.com/deluan/itl
  version: f5c998c03029dfc1478baedefbbeaa47be97a093
- name: github.com/dhowden/plist
  version: 5db6e0d9931a3fdc6aec2da1868c575419e11729
- name: github.com/dhowden/tag
  version: bccc91e40dd77b4d15d6759f2444bb2ac06a5bbb
- name: github.com/edsrzf/mmap-go
  version: 6c75090c55983bef2e129e173681b20d24871ef8
- name: github.com/golang/snappy
  version: 723cc1e459b8eea2dea4583200fd60757d40097a
- name: github.com/gopherjs/gopherjs
  version: 14ba2f52062a79512bbb6768908c95032395ce94
  subpackages:
  - js
- name: github.com/jtolds/gls
  version: 8ddce2a84170772b95dd5d576c48d517b22cac63
- name: github.com/karlkfi/inject
  version: fe06da2f020c637f82e23c3a2b5e8d9e711baf2b
- name: github.com/kennygrant/sanitize
  version: ce9fd1f6ce32afaa38b51feea32320fc8875e8e4
- name: github.com/nfnt/resize
  version: 4d93a29130b1b6aba503e2aa8b50f516213ea80e
- name: github.com/siddontang/go
  version: 530a23162549a31baa14dfa3b647a9eccee8878f
  subpackages:
  - bson
  - filelock
  - hack
  - ioutil2
  - log
  - num
  - snappy
  - sync2
- name: github.com/siddontang/ledisdb
  version: 713b22910a0b66d098c9e40ff19be258968e9a7d
  subpackages:
  - config
  - ledis
  - rpl
  - store
  - store/boltdb
  - store/driver
  - store/goleveldb
  - store/leveldb
  - store/mdb
  - store/rocksdb
  - vendor/gomdb
- name: github.com/siddontang/rdb
  version: fc89ed2e418d27e3ea76e708e54276d2b44ae9cf
- name: github.com/smartystreets/assertions
  version: 2d74a419fbe076f8c76ed8b1c7c633a676c5dc63
  subpackages:
  - internal/go-render/render
  - internal/oglematchers
- name: github.com/smartystreets/goconvey
  version: 101844423e4188895b52ec7fcb5689d014f32c30
  subpackages:
  - convey
  - convey/reporting
  - convey/gotest
- name: github.com/syndtr/goleveldb
  version: 1a9d62f03ea92815b46fcaab357cfd4df264b1a0
  subpackages:
  - leveldb
  - leveldb/cache
  - leveldb/filter
  - leveldb/iterator
  - leveldb/opt
  - leveldb/storage
  - leveldb/util
  - leveldb/comparer
  - leveldb/errors
  - leveldb/journal
  - leveldb/memdb
  - leveldb/table
- name: golang.org/x/net
  version: 1600a4cd699d70009ec28edfd69d3568f6bd757d
  subpackages:
  - html
  - html/atom
devImports: []
