github.com/BurntSushi/toml v0.3.0 h1:e1/Ivsx3Z0FVTV0NSOv/aVgbUWyQuzj7DDnFblkRvsY=
github.com/BurntSushi/toml v0.3.0/go.mod h1:xHWCNGjB5oqiDr8zfno3MHue2Ht5sIBksp03qcyfWMU=
github.com/bradleyjkemp/cupaloy v2.3.0+incompatible h1:UafIjBvWQmS9i/xRg+CamMrnLTKNzo+bdmT/oH34c2Y=
github.com/bradleyjkemp/cupaloy v2.3.0+incompatible/go.mod h1:Au1Xw1sgaJ5iSFktEhYsS0dbQiS1B0/XMXl+42y9Ilk=
github.com/cupcake/rdb v0.0.0-20161107195141-43ba34106c76 h1:Lgdd/Qp96Qj8jqLpq2cI1I1X7BJnu06efS+XkhRoLUQ=
github.com/cupcake/rdb v0.0.0-20161107195141-43ba34106c76/go.mod h1:vYwsqCOLxGiisLwp9rITslkFNpZD5rz43tf41QFkTWY=
github.com/davecgh/go-spew v1.1.0 h1:ZDRjVQ15GmhC3fiQ8ni8+OwkZQO4DARzQgrnXU1Liz8=
github.com/davecgh/go-spew v1.1.0/go.mod h1:J7Y8YcW2NihsgmVo/mv3lAwl/skON4iLHjSsI+c5H38=
github.com/davecgh/go-spew v1.1.1 h1:vj9j/u1bqnvCEfJOwUhtlOARqs3+rkHYY13jYWTU97c=
github.com/davecgh/go-spew v1.1.1/go.mod h1:J7Y8YcW2NihsgmVo/mv3lAwl/skON4iLHjSsI+c5H38=
github.com/deluan/gomate v0.0.0-20160327212459-3eb40643dd6f h1:jZxJHFEzOavX4cM1BacQGZAMmhgHERXD7Qxyi2NLYtE=
github.com/deluan/gomate v0.0.0-20160327212459-3eb40643dd6f/go.mod h1:10VOt8RwQ8an9cSC2r77s1jqTucTHZSGN2wz46v+7ZM=
github.com/dhowden/itl v0.0.0-20170329215456-9fbe21093131 h1:siEGb+iB1Ea75U7BnkYVSqSRzE6QHlXCbqEXenxRmhQ=
github.com/dhowden/itl v0.0.0-20170329215456-9fbe21093131/go.mod h1:eVWQJVQ67aMvYhpkDwaH2Goy2vo6v8JCMfGXfQ9sPtw=
github.com/dhowden/plist v0.0.0-20141002110153-5db6e0d9931a h1:7MucP9rMAsQRcRE1sGpvMZoTxFYZlDmfDvCH+z7H+90=
github.com/dhowden/plist v0.0.0-20141002110153-5db6e0d9931a/go.mod h1:sLjdR6uwx3L6/Py8F+QgAfeiuY87xuYGwCDqRFrvCzw=
github.com/dhowden/tag v0.0.0-20170128231422-9edd38ca5d10 h1:H4waV2XHwsud7v90IfEbwwynwVlC7YU3RicLlfkfgn4=
github.com/dhowden/tag v0.0.0-20170128231422-9edd38ca5d10/go.mod h1:SniNVYuaD1jmdEEvi+7ywb1QFR7agjeTdGKyFb0p7Rw=
github.com/edsrzf/mmap-go v0.0.0-20170320065105-0bce6a688712 h1:aaQcKT9WumO6JEJcRyTqFVq4XUZiUcKR2/GI31TOcz8=
github.com/edsrzf/mmap-go v0.0.0-20170320065105-0bce6a688712/go.mod h1:YO35OhQPt3KJa3ryjFM5Bs14WD66h8eGKpfaBNrHW5M=
github.com/fatih/camelcase v0.0.0-20160318181535-f6a740d52f96 h1:5e8GDOdG6jKeeqNGbR+tlmqhf4vQVs3atTTMEWeEcAk=
github.com/fatih/camelcase v0.0.0-20160318181535-f6a740d52f96/go.mod h1:yN2Sb0lFhZJUdVvtELVWefmrXpuZESvPmqwoZc+/fpc=
github.com/fatih/structs v1.0.0 h1:BrX964Rv5uQ3wwS+KRUAJCBBw5PQmgJfJ6v4yly5QwU=
github.com/fatih/structs v1.0.0/go.mod h1:9NiDSp5zOcgEDl+j00MP/WkGVPOlPRLejGD8Ga6PJ7M=
github.com/fsnotify/fsnotify v1.4.7 h1:IXs+QLmnXW2CcXuY+8Mzv/fWEsPGWxqefPtCP5CnV9I=
github.com/fsnotify/fsnotify v1.4.7/go.mod h1:jwhsz4b93w/PPRr/qN1Yymfu8t87LnFCMoQvtojpjFo=
github.com/go-chi/chi v4.0.2+incompatible h1:maB6vn6FqCxrpz4FqWdh4+lwpyZIQS7YEAUcHlgXVRs=
github.com/go-chi/chi v4.0.2+incompatible/go.mod h1:eB3wogJHnLi3x/kFX2A+IbTBlXxmMeXJVKy9tTv1XzQ=
github.com/go-chi/chi v4.0.3+incompatible h1:gakN3pDJnzZN5jqFV2TEdF66rTfKeITyR8qu6ekICEY=
github.com/go-chi/chi v4.0.3+incompatible/go.mod h1:eB3wogJHnLi3x/kFX2A+IbTBlXxmMeXJVKy9tTv1XzQ=
github.com/go-chi/cors v1.0.0 h1:e6x8k7uWbUwYs+aXDoiUzeQFT6l0cygBYyNhD7/1Tg0=
github.com/go-chi/cors v1.0.0/go.mod h1:K2Yje0VW/SJzxiyMYu6iPQYa7hMjQX2i/F491VChg1I=
github.com/golang/protobuf v1.2.0 h1:P3YflyNX/ehuJFLhxviNdFxQPkGK5cDcApsge1SqnvM=
github.com/golang/protobuf v1.2.0/go.mod h1:6lQm79b+lXiMfvg/cZm0SGofjICqVBUtrP5yJMmIC1U=
github.com/golang/snappy v0.0.0-20170215233205-553a64147049 h1:K9KHZbXKpGydfDN0aZrsoHpLJlZsBrGMFWbgLDGnPZk=
github.com/golang/snappy v0.0.0-20170215233205-553a64147049/go.mod h1:/XxbfmMg8lxefKM7IXC3fBNl/7bRcc72aCRzEWrmP2Q=
github.com/google/go-cmp v0.2.0/go.mod h1:oXzfMopK8JAjlY9xF4vHSVASa0yLyX7SntLO5aqRK0M=
github.com/google/subcommands v1.0.1/go.mod h1:ZjhPrFU+Olkh9WazFPsl27BQ4UPiG37m3yTrtFlrHVk=
github.com/google/wire v0.4.0 h1:kXcsA/rIGzJImVqPdhfnr6q0xsS9gU0515q1EPpJ9fE=
github.com/google/wire v0.4.0/go.mod h1:ngWDr9Qvq3yZA10YrxfyGELY/AFWGVpy9c1LTRi1EoU=
github.com/gopherjs/gopherjs v0.0.0-20181017120253-0766667cb4d1 h1:EGx4pi6eqNxGaHF6qqu48+N2wcFQ5qg5FXgOdqsJ5d8=
github.com/gopherjs/gopherjs v0.0.0-20181017120253-0766667cb4d1/go.mod h1:wJfORRmW1u3UXTncJ5qlYoELFm8eSnnEO6hX4iZ3EWY=
github.com/hpcloud/tail v1.0.0 h1:nfCOvKYfkgYP8hkirhJocXT2+zOD8yUNjXaWfTlyFKI=
github.com/hpcloud/tail v1.0.0/go.mod h1:ab1qPbhIpdTxEkNHXyeSf5vhxWSCs/tWer42PpOxQnU=
github.com/jtolds/gls v4.20.0+incompatible h1:xdiiI2gbIgH/gLH7ADydsJ1uDOEzR8yvV7C0MuV77Wo=
github.com/jtolds/gls v4.20.0+incompatible/go.mod h1:QJZ7F/aHp+rZTRtaJ1ow/lLfFfVYBRgL+9YlvaHOwJU=
github.com/kennygrant/sanitize v0.0.0-20170120101633-6a0bfdde8629 h1:m1E9veL+2sjZOMSM7y3a6jJ9fNVaGyIJCXYDPm9U+/0=
github.com/kennygrant/sanitize v0.0.0-20170120101633-6a0bfdde8629/go.mod h1:LGsjYYtgxbetdg5owWB2mpgUL6e2nfw2eObZ0u0qvak=
github.com/koding/multiconfig v0.0.0-20170327155832-26b6dfd3a84a h1:KZAp4Cn6Wybs23MKaIrKyb/6+qs2rncDspTuRYwOmvU=
github.com/koding/multiconfig v0.0.0-20170327155832-26b6dfd3a84a/go.mod h1:Y2SaZf2Rzd0pXkLVhLlCiAXFCLSXAIbTKDivVgff/AM=
github.com/konsorten/go-windows-terminal-sequences v1.0.1 h1:mweAR1A6xJ3oS2pRaGiHgQ4OO8tzTaLawm8vnODuwDk=
github.com/konsorten/go-windows-terminal-sequences v1.0.1/go.mod h1:T0+1ngSBFLxvqU3pZ+m/2kptfBszLMUkC4ZK/EgS/cQ=
github.com/nfnt/resize v0.0.0-20160724205520-891127d8d1b5 h1:BvoENQQU+fZ9uukda/RzCAL/191HHwJA5b13R6diVlY=
github.com/nfnt/resize v0.0.0-20160724205520-891127d8d1b5/go.mod h1:jpp1/29i3P1S/RLdc7JQKbRpFeM1dOBd8T9ki5s+AY8=
github.com/onsi/ginkgo v1.6.0/go.mod h1:lLunBs/Ym6LB5Z9jYTR76FiuTmxDTDusOGeTQH+WWjE=
github.com/onsi/ginkgo v1.11.0 h1:JAKSXpt1YjtLA7YpPiqO9ss6sNXEsPfSGdwN0UHqzrw=
github.com/onsi/ginkgo v1.11.0/go.mod h1:lLunBs/Ym6LB5Z9jYTR76FiuTmxDTDusOGeTQH+WWjE=
github.com/onsi/gomega v1.8.1 h1:C5Dqfs/LeauYDX0jJXIe2SWmwCbGzx9yF8C8xy3Lh34=
github.com/onsi/gomega v1.8.1/go.mod h1:Ho0h+IUsWyvy1OpqCwxlQ/21gkhVunqlU8fDGcoTdcA=
github.com/pmezard/go-difflib v1.0.0 h1:4DBwDE0NGyQoBHbLQYPwSUPoCMWR5BEzIk/f1lZbAQM=
github.com/pmezard/go-difflib v1.0.0/go.mod h1:iKH77koFhYxTK1pcRnkKkqfTogsbg7gZNVY4sRDYZ/4=
github.com/siddontang/go v0.0.0-20161005110831-1e9ce2a5ac40 h1:pTDanWyLe3/hAiqGxqr6jArGd0zZFjFBjJfCwAUtqOs=
github.com/siddontang/go v0.0.0-20161005110831-1e9ce2a5ac40/go.mod h1:3yhqj7WBBfRhbBlzyOC3gUxftwsU0u8gqevxwIHQpMw=
github.com/siddontang/ledisdb v0.0.0-20170318061737-5929802e2ea5 h1:MuP6XCEZoayWL7HBKrB22tx/IFpMlbLsYV+fn5+0sMc=
github.com/siddontang/ledisdb v0.0.0-20170318061737-5929802e2ea5/go.mod h1:mF1DpOSOUiJRMR+FDqaqu3EBqrybQtrDDszLUZ6oxPg=
github.com/siddontang/rdb v0.0.0-20150307021120-fc89ed2e418d h1:NVwnfyR3rENtlz62bcrkXME3INVUa4lcdGt+opvxExs=
github.com/siddontang/rdb v0.0.0-20150307021120-fc89ed2e418d/go.mod h1:AMEsy7v5z92TR1JKMkLLoaOQk++LVnOKL3ScbJ8GNGA=
github.com/sirupsen/logrus v1.4.2 h1:SPIRibHv4MatM3XXNO2BJeFLZwZ2LvZgfQ5+UNI2im4=
github.com/sirupsen/logrus v1.4.2/go.mod h1:tLMulIdttU9McNUspp0xgXVQah82FyeX6MwdIuYE2rE=
github.com/smartystreets/assertions v0.0.0-20180927180507-b2de0cb4f26d h1:zE9ykElWQ6/NYmHa3jpm/yHnI4xSofP+UP6SpjHcSeM=
github.com/smartystreets/assertions v0.0.0-20180927180507-b2de0cb4f26d/go.mod h1:OnSkiWE9lh6wB0YB77sQom3nweQdgAjqCqsofrRNTgc=
github.com/smartystreets/assertions v1.0.1 h1:voD4ITNjPL5jjBfgR/r8fPIIBrliWrWHeiJApdr3r4w=
github.com/smartystreets/assertions v1.0.1/go.mod h1:kHHU4qYBaI3q23Pp3VPrmWhuIUrLW/7eUrw0BU5VaoM=
github.com/smartystreets/goconvey v1.6.4 h1:fv0U8FUIMPNf1L9lnHLvLhgicrIVChEkdzIKYqbNC9s=
github.com/smartystreets/goconvey v1.6.4/go.mod h1:syvi0/a8iFYH4r/RixwvyeAJjdLS9QV7WQ/tjFTllLA=
github.com/stretchr/objx v0.1.0/go.mod h1:HFkY916IF+rwdDfMAkV7OtwuqBVzrE8GR6GFx+wExME=
github.com/stretchr/objx v0.1.1/go.mod h1:HFkY916IF+rwdDfMAkV7OtwuqBVzrE8GR6GFx+wExME=
github.com/stretchr/testify v1.2.2/go.mod h1:a8OnRcib4nhh0OaRAV+Yts87kKdq0PP7pXfy6kDkUVs=
github.com/stretchr/testify v1.4.0 h1:2E4SXV/wtOkTonXsotYi4li6zVWxYlZuYNCXe9XRJyk=
github.com/stretchr/testify v1.4.0/go.mod h1:j7eGeouHqKxXV5pUuKE4zz7dFj8WfuZ+81PSLYec5m4=
github.com/syndtr/goleveldb v0.0.0-20170302031910-3c5717caf147 h1:4YA7EV3fB/q1fi3RYWi26t91Zm6iHggaq8gJBRYC5Ms=
github.com/syndtr/goleveldb v0.0.0-20170302031910-3c5717caf147/go.mod h1:Z4AUp2Km+PwemOoO/VB5AOx9XSsIItzFjoJlOSiYmn0=
golang.org/x/crypto v0.0.0-20190308221718-c2843e01d9a2/go.mod h1:djNgcEr1/C05ACkg1iLfiJU5Ep61QUkGW8qpdssI0+w=
golang.org/x/net v0.0.0-20180906233101-161cd47e91fd/go.mod h1:mL1N/T3taQHkDXs73rZJwtUhF3w3ftmwwsq0BUmARs4=
golang.org/x/net v0.0.0-20190311183353-d8887717615a h1:oWX7TPOiFAMXLq8o0ikBYfCJVlRHBcsciT5bXOrH628=
golang.org/x/net v0.0.0-20190311183353-d8887717615a/go.mod h1:t9HGtf8HONx5eT2rtn7q6eTqICYqUVnKs3thJo3Qplg=
golang.org/x/sync v0.0.0-20180314180146-1d60e4601c6f h1:wMNYb4v58l5UBM7MYRLPG6ZhfOqbKu7X5eyFl8ZhKvA=
golang.org/x/sync v0.0.0-20180314180146-1d60e4601c6f/go.mod h1:RxMgew5VJxzue5/jJTE5uejpjVlOe/izrB70Jof72aM=
golang.org/x/sys v0.0.0-20180909124046-d0be0721c37e/go.mod h1:STP8DvDyc/dI5b8T5hshtkjS+E42TnysNCUPdjciGhY=
golang.org/x/sys v0.0.0-20190215142949-d0b11bdaac8a h1:1BGLXjeY4akVXGgbC9HugT3Jv3hCI0z56oJR5vAMgBU=
golang.org/x/sys v0.0.0-20190215142949-d0b11bdaac8a/go.mod h1:STP8DvDyc/dI5b8T5hshtkjS+E42TnysNCUPdjciGhY=
golang.org/x/sys v0.0.0-20190422165155-953cdadca894 h1:Cz4ceDQGXuKRnVBDTS23GTn/pU5OE2C0WrNTOYK1Uuc=
golang.org/x/sys v0.0.0-20190422165155-953cdadca894/go.mod h1:h1NjWce9XRLGQEsW7wpKNCjG9DtNlClVuFLEZdDNbEs=
golang.org/x/text v0.3.0 h1:g61tztE5qeGQ89tm6NTjjM9VPIm088od1l6aSorWRWg=
golang.org/x/text v0.3.0/go.mod h1:NqM8EUOU14njkJ3fqMW+pc6Ldnwhi/IjpwHt7yyuwOQ=
golang.org/x/tools v0.0.0-20190328211700-ab21143f2384 h1:TFlARGu6Czu1z7q93HTxcP1P+/ZFC/IKythI5RzrnRg=
golang.org/x/tools v0.0.0-20190328211700-ab21143f2384/go.mod h1:LCzVGOaR6xXOjkQ3onu1FJEFr0SW1gC7cKk1uF8kGRs=
golang.org/x/tools v0.0.0-20190422233926-fe54fb35175b/go.mod h1:LCzVGOaR6xXOjkQ3onu1FJEFr0SW1gC7cKk1uF8kGRs=
golang.org/x/xerrors v0.0.0-20190717185122-a985d3407aa7 h1:9zdDQZ7Thm29KFXgAX/+yaf3eVbP7djjWp/dXAppNCc=
golang.org/x/xerrors v0.0.0-20190717185122-a985d3407aa7/go.mod h1:I/5z698sn9Ka8TeJc9MKroUUfqBBauWjQqLJ2OPfmY0=
gopkg.in/check.v1 v0.0.0-20161208181325-20d25e280405 h1:yhCVgyC4o1eVCa2tZl7eS0r+SDo693bJlVdllGtEeKM=
gopkg.in/check.v1 v0.0.0-20161208181325-20d25e280405/go.mod h1:Co6ibVJAznAaIkqp8huTwlJQCZ016jof/cbN4VW5Yz0=
gopkg.in/fsnotify.v1 v1.4.7 h1:xOHLXZwVvI9hhs+cLKq5+I5onOuwQLhQwiu63xxlHs4=
gopkg.in/fsnotify.v1 v1.4.7/go.mod h1:Tz8NjZHkW78fSQdbUxIjBTcgA1z1m8ZHf0WmKUhAMys=
gopkg.in/tomb.v1 v1.0.0-20141024135613-dd632973f1e7 h1:uRGJdciOHaEIrze2W8Q3AKkepLTh2hOroT7a+7czfdQ=
gopkg.in/tomb.v1 v1.0.0-20141024135613-dd632973f1e7/go.mod h1:dt/ZhP58zS4L8KSrWDmTeBkI65Dw0HsyUHuEVlX15mw=
gopkg.in/yaml.v2 v2.2.2 h1:ZCJp+EgiOT7lHqUV2J862kp8Qj64Jo6az82+3Td9dZw=
gopkg.in/yaml.v2 v2.2.2/go.mod h1:hI93XBmqTisBFMUTm0b8Fm+jr3Dg1NNxqwp+5A1VGuI=
gopkg.in/yaml.v2 v2.2.4 h1:/eiJrUcujPVeJ3xlSWaiNi3uSVmDGBK1pDHUHAnao1I=
gopkg.in/yaml.v2 v2.2.4/go.mod h1:hI93XBmqTisBFMUTm0b8Fm+jr3Dg1NNxqwp+5A1VGuI=
