github.com/BurntSushi/toml v0.3.0 h1:e1/Ivsx3Z0FVTV0NSOv/aVgbUWyQuzj7DDnFblkRvsY=
github.com/BurntSushi/toml v0.3.0/go.mod h1:xHWCNGjB5oqiDr8zfno3MHue2Ht5sIBksp03qcyfWMU=
github.com/astaxie/beego v1.8.0 h1:Rc5qRXMy5fpxq3FEi+4nmykYIMtANthRJ8hcoY+1VWM=
github.com/astaxie/beego v1.8.0/go.mod h1:0R4++1tUqERR0WYFWdfkcrsyoVBCG4DgpDGokT3yb+U=
github.com/boltdb/bolt v1.3.1-0.20170131192018-e9cf4fae01b5/go.mod h1:clJnj/oiGkjum5o1McbSZDSLxVThjynRyGBgiAx27Ps=
github.com/cupcake/rdb v0.0.0-20161107195141-43ba34106c76 h1:Lgdd/Qp96Qj8jqLpq2cI1I1X7BJnu06efS+XkhRoLUQ=
github.com/cupcake/rdb v0.0.0-20161107195141-43ba34106c76/go.mod h1:vYwsqCOLxGiisLwp9rITslkFNpZD5rz43tf41QFkTWY=
github.com/davecgh/go-spew v1.1.0 h1:ZDRjVQ15GmhC3fiQ8ni8+OwkZQO4DARzQgrnXU1Liz8=
github.com/davecgh/go-spew v1.1.0/go.mod h1:J7Y8YcW2NihsgmVo/mv3lAwl/skON4iLHjSsI+c5H38=
github.com/deluan/gomate v0.0.0-20160327212459-3eb40643dd6f h1:jZxJHFEzOavX4cM1BacQGZAMmhgHERXD7Qxyi2NLYtE=
github.com/deluan/gomate v0.0.0-20160327212459-3eb40643dd6f/go.mod h1:10VOt8RwQ8an9cSC2r77s1jqTucTHZSGN2wz46v+7ZM=
github.com/dhowden/itl v0.0.0-20170329215456-9fbe21093131 h1:siEGb+iB1Ea75U7BnkYVSqSRzE6QHlXCbqEXenxRmhQ=
github.com/dhowden/itl v0.0.0-20170329215456-9fbe21093131/go.mod h1:eVWQJVQ67aMvYhpkDwaH2Goy2vo6v8JCMfGXfQ9sPtw=
github.com/dhowden/plist v0.0.0-20141002110153-5db6e0d9931a h1:7MucP9rMAsQRcRE1sGpvMZoTxFYZlDmfDvCH+z7H+90=
github.com/dhowden/plist v0.0.0-20141002110153-5db6e0d9931a/go.mod h1:sLjdR6uwx3L6/Py8F+QgAfeiuY87xuYGwCDqRFrvCzw=
github.com/dhowden/tag v0.0.0-20170128231422-9edd38ca5d10 h1:H4waV2XHwsud7v90IfEbwwynwVlC7YU3RicLlfkfgn4=
github.com/dhowden/tag v0.0.0-20170128231422-9edd38ca5d10/go.mod h1:SniNVYuaD1jmdEEvi+7ywb1QFR7agjeTdGKyFb0p7Rw=
github.com/edsrzf/mmap-go v0.0.0-20170320065105-0bce6a688712 h1:aaQcKT9WumO6JEJcRyTqFVq4XUZiUcKR2/GI31TOcz8=
github.com/edsrzf/mmap-go v0.0.0-20170320065105-0bce6a688712/go.mod h1:YO35OhQPt3KJa3ryjFM5Bs14WD66h8eGKpfaBNrHW5M=
github.com/fatih/camelcase v0.0.0-20160318181535-f6a740d52f96 h1:5e8GDOdG6jKeeqNGbR+tlmqhf4vQVs3atTTMEWeEcAk=
github.com/fatih/camelcase v0.0.0-20160318181535-f6a740d52f96/go.mod h1:yN2Sb0lFhZJUdVvtELVWefmrXpuZESvPmqwoZc+/fpc=
github.com/fatih/structs v1.0.0 h1:BrX964Rv5uQ3wwS+KRUAJCBBw5PQmgJfJ6v4yly5QwU=
github.com/fatih/structs v1.0.0/go.mod h1:9NiDSp5zOcgEDl+j00MP/WkGVPOlPRLejGD8Ga6PJ7M=
github.com/golang/snappy v0.0.0-20170215233205-553a64147049 h1:K9KHZbXKpGydfDN0aZrsoHpLJlZsBrGMFWbgLDGnPZk=
github.com/golang/snappy v0.0.0-20170215233205-553a64147049/go.mod h1:/XxbfmMg8lxefKM7IXC3fBNl/7bRcc72aCRzEWrmP2Q=
github.com/gopherjs/gopherjs v0.0.0-20170327171118-3496c6f94e1b/go.mod h1:wJfORRmW1u3UXTncJ5qlYoELFm8eSnnEO6hX4iZ3EWY=
github.com/gopherjs/gopherjs v0.0.0-20181017120253-0766667cb4d1 h1:EGx4pi6eqNxGaHF6qqu48+N2wcFQ5qg5FXgOdqsJ5d8=
github.com/gopherjs/gopherjs v0.0.0-20181017120253-0766667cb4d1/go.mod h1:wJfORRmW1u3UXTncJ5qlYoELFm8eSnnEO6hX4iZ3EWY=
github.com/jtolds/gls v4.2.1-0.20161228004933-bb0351aa7eb6+incompatible h1:/xTo+paiWoainm2Df0p2id+lAqiASYD/5YFAcDx5zfE=
github.com/jtolds/gls v4.2.1-0.20161228004933-bb0351aa7eb6+incompatible/go.mod h1:QJZ7F/aHp+rZTRtaJ1ow/lLfFfVYBRgL+9YlvaHOwJU=
github.com/jtolds/gls v4.20.0+incompatible h1:xdiiI2gbIgH/gLH7ADydsJ1uDOEzR8yvV7C0MuV77Wo=
github.com/jtolds/gls v4.20.0+incompatible/go.mod h1:QJZ7F/aHp+rZTRtaJ1ow/lLfFfVYBRgL+9YlvaHOwJU=
github.com/karlkfi/inject v0.0.0-20151024064801-fe06da2f020c h1:2GGuhSxrG3PGBnUGaMq7e89rcCv9tj99JF2J6Ny45JM=
github.com/karlkfi/inject v0.0.0-20151024064801-fe06da2f020c/go.mod h1:jSo8Hlf6+ONuZkASHkrqAgDf+BX015aijScUHJR++8Y=
github.com/kennygrant/sanitize v0.0.0-20170120101633-6a0bfdde8629 h1:m1E9veL+2sjZOMSM7y3a6jJ9fNVaGyIJCXYDPm9U+/0=
github.com/kennygrant/sanitize v0.0.0-20170120101633-6a0bfdde8629/go.mod h1:LGsjYYtgxbetdg5owWB2mpgUL6e2nfw2eObZ0u0qvak=
github.com/koding/multiconfig v0.0.0-20170327155832-26b6dfd3a84a h1:KZAp4Cn6Wybs23MKaIrKyb/6+qs2rncDspTuRYwOmvU=
github.com/koding/multiconfig v0.0.0-20170327155832-26b6dfd3a84a/go.mod h1:Y2SaZf2Rzd0pXkLVhLlCiAXFCLSXAIbTKDivVgff/AM=
github.com/nfnt/resize v0.0.0-20160724205520-891127d8d1b5 h1:BvoENQQU+fZ9uukda/RzCAL/191HHwJA5b13R6diVlY=
github.com/nfnt/resize v0.0.0-20160724205520-891127d8d1b5/go.mod h1:jpp1/29i3P1S/RLdc7JQKbRpFeM1dOBd8T9ki5s+AY8=
github.com/pmezard/go-difflib v1.0.0 h1:4DBwDE0NGyQoBHbLQYPwSUPoCMWR5BEzIk/f1lZbAQM=
github.com/pmezard/go-difflib v1.0.0/go.mod h1:iKH77koFhYxTK1pcRnkKkqfTogsbg7gZNVY4sRDYZ/4=
github.com/siddontang/go v0.0.0-20161005110831-1e9ce2a5ac40 h1:pTDanWyLe3/hAiqGxqr6jArGd0zZFjFBjJfCwAUtqOs=
github.com/siddontang/go v0.0.0-20161005110831-1e9ce2a5ac40/go.mod h1:3yhqj7WBBfRhbBlzyOC3gUxftwsU0u8gqevxwIHQpMw=
github.com/siddontang/ledisdb v0.0.0-20170318061737-5929802e2ea5 h1:MuP6XCEZoayWL7HBKrB22tx/IFpMlbLsYV+fn5+0sMc=
github.com/siddontang/ledisdb v0.0.0-20170318061737-5929802e2ea5/go.mod h1:mF1DpOSOUiJRMR+FDqaqu3EBqrybQtrDDszLUZ6oxPg=
github.com/siddontang/rdb v0.0.0-20150307021120-fc89ed2e418d h1:NVwnfyR3rENtlz62bcrkXME3INVUa4lcdGt+opvxExs=
github.com/siddontang/rdb v0.0.0-20150307021120-fc89ed2e418d/go.mod h1:AMEsy7v5z92TR1JKMkLLoaOQk++LVnOKL3ScbJ8GNGA=
github.com/smartystreets/assertions v0.0.0-20170213165318-c9ee7d9e9a2a h1:olUqRDtu3plVoIwRnneCTGLSHaOW6OSFw1rN+PKw8n0=
github.com/smartystreets/assertions v0.0.0-20170213165318-c9ee7d9e9a2a/go.mod h1:OnSkiWE9lh6wB0YB77sQom3nweQdgAjqCqsofrRNTgc=
github.com/smartystreets/assertions v0.0.0-20180927180507-b2de0cb4f26d h1:zE9ykElWQ6/NYmHa3jpm/yHnI4xSofP+UP6SpjHcSeM=
github.com/smartystreets/assertions v0.0.0-20180927180507-b2de0cb4f26d/go.mod h1:OnSkiWE9lh6wB0YB77sQom3nweQdgAjqCqsofrRNTgc=
github.com/smartystreets/assertions v1.0.1 h1:voD4ITNjPL5jjBfgR/r8fPIIBrliWrWHeiJApdr3r4w=
github.com/smartystreets/assertions v1.0.1/go.mod h1:kHHU4qYBaI3q23Pp3VPrmWhuIUrLW/7eUrw0BU5VaoM=
github.com/smartystreets/goconvey v1.6.3-0.20170110120022-3bd662eac601 h1:1qtZvttnto2KY0Ke6/T5FZItTCpxqh3siu6iSISJ3DY=
github.com/smartystreets/goconvey v1.6.3-0.20170110120022-3bd662eac601/go.mod h1:XDJAKZRPZ1CvBcN2aX5YOUTYGHki24fSF0Iv48Ibg0s=
github.com/smartystreets/goconvey v1.6.4 h1:fv0U8FUIMPNf1L9lnHLvLhgicrIVChEkdzIKYqbNC9s=
github.com/smartystreets/goconvey v1.6.4/go.mod h1:syvi0/a8iFYH4r/RixwvyeAJjdLS9QV7WQ/tjFTllLA=
github.com/stretchr/objx v0.1.0/go.mod h1:HFkY916IF+rwdDfMAkV7OtwuqBVzrE8GR6GFx+wExME=
github.com/stretchr/testify v1.4.0 h1:2E4SXV/wtOkTonXsotYi4li6zVWxYlZuYNCXe9XRJyk=
github.com/stretchr/testify v1.4.0/go.mod h1:j7eGeouHqKxXV5pUuKE4zz7dFj8WfuZ+81PSLYec5m4=
github.com/syndtr/goleveldb v0.0.0-20170302031910-3c5717caf147 h1:4YA7EV3fB/q1fi3RYWi26t91Zm6iHggaq8gJBRYC5Ms=
github.com/syndtr/goleveldb v0.0.0-20170302031910-3c5717caf147/go.mod h1:Z4AUp2Km+PwemOoO/VB5AOx9XSsIItzFjoJlOSiYmn0=
github.com/twinj/uuid v0.1.0 h1:m4NyLH5MReF8zWQegEXvSTpnV6A7svVLG5FbZql6OAA=
github.com/twinj/uuid v0.1.0/go.mod h1:mMgcE1RHFUFqe5AfiwlINXisXfDGro23fWdPUfOMjRY=
golang.org/x/crypto v0.0.0-20190308221718-c2843e01d9a2/go.mod h1:djNgcEr1/C05ACkg1iLfiJU5Ep61QUkGW8qpdssI0+w=
golang.org/x/net v0.0.0-20170329170435-ffcf1bedda3b h1:Co3zyosPfwWowmu8+roHGC+aDgizpCPH3ukhubZ0Ttg=
golang.org/x/net v0.0.0-20170329170435-ffcf1bedda3b/go.mod h1:mL1N/T3taQHkDXs73rZJwtUhF3w3ftmwwsq0BUmARs4=
golang.org/x/net v0.0.0-20190311183353-d8887717615a h1:oWX7TPOiFAMXLq8o0ikBYfCJVlRHBcsciT5bXOrH628=
golang.org/x/net v0.0.0-20190311183353-d8887717615a/go.mod h1:t9HGtf8HONx5eT2rtn7q6eTqICYqUVnKs3thJo3Qplg=
golang.org/x/sys v0.0.0-20170329061634-9a7256cb28ed/go.mod h1:STP8DvDyc/dI5b8T5hshtkjS+E42TnysNCUPdjciGhY=
golang.org/x/sys v0.0.0-20190215142949-d0b11bdaac8a/go.mod h1:STP8DvDyc/dI5b8T5hshtkjS+E42TnysNCUPdjciGhY=
golang.org/x/text v0.3.0/go.mod h1:NqM8EUOU14njkJ3fqMW+pc6Ldnwhi/IjpwHt7yyuwOQ=
golang.org/x/tools v0.0.0-20190328211700-ab21143f2384 h1:TFlARGu6Czu1z7q93HTxcP1P+/ZFC/IKythI5RzrnRg=
golang.org/x/tools v0.0.0-20190328211700-ab21143f2384/go.mod h1:LCzVGOaR6xXOjkQ3onu1FJEFr0SW1gC7cKk1uF8kGRs=
gopkg.in/check.v1 v0.0.0-20161208181325-20d25e280405/go.mod h1:Co6ibVJAznAaIkqp8huTwlJQCZ016jof/cbN4VW5Yz0=
gopkg.in/yaml.v2 v2.0.0-20170208141851-a3f3340b5840 h1:BftvRMCaj0KX6UeD7gnNJv0W8b4HAYTEWes978CoWlY=
gopkg.in/yaml.v2 v2.0.0-20170208141851-a3f3340b5840/go.mod h1:JAlM8MvJe8wmxCU4Bli9HhUf9+ttbYbLASfIpnQbh74=
gopkg.in/yaml.v2 v2.2.2 h1:ZCJp+EgiOT7lHqUV2J862kp8Qj64Jo6az82+3Td9dZw=
gopkg.in/yaml.v2 v2.2.2/go.mod h1:hI93XBmqTisBFMUTm0b8Fm+jr3Dg1NNxqwp+5A1VGuI=
